
Microsoft Visual Studio Solution File, Format Version 12.00
# Visual Studio 14
VisualStudioVersion = 14.0.25420.1
MinimumVisualStudioVersion = 10.0.40219.1
Project("{FAE04EC0-301F-11D3-BF4B-00C04F79EFBC}") = "app", "client\app\app.csproj", "{2A3AAF08-E77F-4337-BA73-3E67E0E166F5}"
EndProject
Project("{FAE04EC0-301F-11D3-BF4B-00C04F79EFBC}") = "app", "adm\app\app.csproj", "{7115D633-46AD-4DD4-994D-D9ECFF43E88E}"
EndProject
Project("{FAE04EC0-301F-11D3-BF4B-00C04F79EFBC}") = "backend", "Quartz.Server\backend.csproj", "{889D775F-A54D-4DDE-8FA0-E61D02B44A0C}"
EndProject
Project("{FAE04EC0-301F-11D3-BF4B-00C04F79EFBC}") = "lib", "ProducerInterfaceCommon\lib.csproj", "{01558158-99B8-4F25-98E7-B2EDEADB987A}"
EndProject
Project("{FAE04EC0-301F-11D3-BF4B-00C04F79EFBC}") = "test", "client\test\test.csproj", "{8BD1AC2A-40C6-4528-9E59-396708707477}"
EndProject
Project("{2150E333-8FDC-42A3-9474-1A3956D46DE8}") = "ext-lib", "ext-lib", "{5F27DA22-1095-4A69-8F01-F818610E7556}"
EndProject
Project("{FAE04EC0-301F-11D3-BF4B-00C04F79EFBC}") = "Test.Support", "lib\test-support\Test.Support\Test.Support.csproj", "{A215E837-1208-49E3-AF93-A9612223122C}"
EndProject
Project("{FAE04EC0-301F-11D3-BF4B-00C04F79EFBC}") = "Common.Tools", "lib\common-tools\Common.Tools\Common.Tools.csproj", "{72AFCFE8-C9E9-45FA-9698-BEE896A517A3}"
EndProject
Project("{2150E333-8FDC-42A3-9474-1A3956D46DE8}") = "client", "client", "{26C7DF5F-2384-44E0-A2EC-3F97A84716D2}"
EndProject
Project("{2150E333-8FDC-42A3-9474-1A3956D46DE8}") = "adm", "adm", "{91A5AA91-6A23-464B-AE5F-7C45A6A4C849}"
EndProject
Project("{FAE04EC0-301F-11D3-BF4B-00C04F79EFBC}") = "test", "adm\test\test.csproj", "{24B7FE1E-74F7-4C6E-8819-72F0147B13D6}"
EndProject
Project("{FAE04EC0-301F-11D3-BF4B-00C04F79EFBC}") = "Test.Support.Selenium", "lib\test-support\Test.Support.Selenium\Test.Support.Selenium.csproj", "{E37375CE-ADBA-47C9-9FA1-D7C5C704CD89}"
EndProject
Project("{FAE04EC0-301F-11D3-BF4B-00C04F79EFBC}") = "Common.NHibernate", "lib\common-mysql\Common.NHibernate\Common.NHibernate.csproj", "{8BE188CA-A0D9-4609-AB2E-AB8EDF849FE0}"
EndProject
Project("{FAE04EC0-301F-11D3-BF4B-00C04F79EFBC}") = "Common.MySql", "lib\common-mysql\Common.MySql\Common.MySql.csproj", "{8A680813-C83B-497A-85E6-E8F07B7D7650}"
EndProject
Global
	GlobalSection(SolutionConfigurationPlatforms) = preSolution
		Debug|Any CPU = Debug|Any CPU
		Debug|x86 = Debug|x86
		debug-net40|Any CPU = debug-net40|Any CPU
		debug-net40|x86 = debug-net40|x86
		debug-net45|Any CPU = debug-net45|Any CPU
		debug-net45|x86 = debug-net45|x86
		Release|Any CPU = Release|Any CPU
		Release|x86 = Release|x86
		release-net40|Any CPU = release-net40|Any CPU
		release-net40|x86 = release-net40|x86
		release-net45|Any CPU = release-net45|Any CPU
		release-net45|x86 = release-net45|x86
		Relise|Any CPU = Relise|Any CPU
		Relise|x86 = Relise|x86
		Test|Any CPU = Test|Any CPU
		Test|x86 = Test|x86
	EndGlobalSection
	GlobalSection(ProjectConfigurationPlatforms) = postSolution
		{2A3AAF08-E77F-4337-BA73-3E67E0E166F5}.Debug|Any CPU.ActiveCfg = Debug|Any CPU
		{2A3AAF08-E77F-4337-BA73-3E67E0E166F5}.Debug|Any CPU.Build.0 = Debug|Any CPU
		{2A3AAF08-E77F-4337-BA73-3E67E0E166F5}.Debug|x86.ActiveCfg = Debug|Any CPU
		{2A3AAF08-E77F-4337-BA73-3E67E0E166F5}.Debug|x86.Build.0 = Debug|Any CPU
		{2A3AAF08-E77F-4337-BA73-3E67E0E166F5}.debug-net40|Any CPU.ActiveCfg = Debug|Any CPU
		{2A3AAF08-E77F-4337-BA73-3E67E0E166F5}.debug-net40|Any CPU.Build.0 = Debug|Any CPU
		{2A3AAF08-E77F-4337-BA73-3E67E0E166F5}.debug-net40|x86.ActiveCfg = Debug|Any CPU
		{2A3AAF08-E77F-4337-BA73-3E67E0E166F5}.debug-net40|x86.Build.0 = Debug|Any CPU
		{2A3AAF08-E77F-4337-BA73-3E67E0E166F5}.debug-net45|Any CPU.ActiveCfg = Debug|Any CPU
		{2A3AAF08-E77F-4337-BA73-3E67E0E166F5}.debug-net45|Any CPU.Build.0 = Debug|Any CPU
		{2A3AAF08-E77F-4337-BA73-3E67E0E166F5}.debug-net45|x86.ActiveCfg = Debug|Any CPU
		{2A3AAF08-E77F-4337-BA73-3E67E0E166F5}.debug-net45|x86.Build.0 = Debug|Any CPU
		{2A3AAF08-E77F-4337-BA73-3E67E0E166F5}.Release|Any CPU.ActiveCfg = Release|Any CPU
		{2A3AAF08-E77F-4337-BA73-3E67E0E166F5}.Release|Any CPU.Build.0 = Release|Any CPU
		{2A3AAF08-E77F-4337-BA73-3E67E0E166F5}.Release|x86.ActiveCfg = Release|Any CPU
		{2A3AAF08-E77F-4337-BA73-3E67E0E166F5}.Release|x86.Build.0 = Release|Any CPU
		{2A3AAF08-E77F-4337-BA73-3E67E0E166F5}.release-net40|Any CPU.ActiveCfg = Release|Any CPU
		{2A3AAF08-E77F-4337-BA73-3E67E0E166F5}.release-net40|Any CPU.Build.0 = Release|Any CPU
		{2A3AAF08-E77F-4337-BA73-3E67E0E166F5}.release-net40|x86.ActiveCfg = Release|Any CPU
		{2A3AAF08-E77F-4337-BA73-3E67E0E166F5}.release-net40|x86.Build.0 = Release|Any CPU
		{2A3AAF08-E77F-4337-BA73-3E67E0E166F5}.release-net45|Any CPU.ActiveCfg = Release|Any CPU
		{2A3AAF08-E77F-4337-BA73-3E67E0E166F5}.release-net45|Any CPU.Build.0 = Release|Any CPU
		{2A3AAF08-E77F-4337-BA73-3E67E0E166F5}.release-net45|x86.ActiveCfg = Release|Any CPU
		{2A3AAF08-E77F-4337-BA73-3E67E0E166F5}.release-net45|x86.Build.0 = Release|Any CPU
		{2A3AAF08-E77F-4337-BA73-3E67E0E166F5}.Relise|Any CPU.ActiveCfg = Release|Any CPU
		{2A3AAF08-E77F-4337-BA73-3E67E0E166F5}.Relise|Any CPU.Build.0 = Release|Any CPU
		{2A3AAF08-E77F-4337-BA73-3E67E0E166F5}.Relise|x86.ActiveCfg = Release|Any CPU
		{2A3AAF08-E77F-4337-BA73-3E67E0E166F5}.Relise|x86.Build.0 = Release|Any CPU
		{2A3AAF08-E77F-4337-BA73-3E67E0E166F5}.Test|Any CPU.ActiveCfg = Release|Any CPU
		{2A3AAF08-E77F-4337-BA73-3E67E0E166F5}.Test|Any CPU.Build.0 = Release|Any CPU
		{2A3AAF08-E77F-4337-BA73-3E67E0E166F5}.Test|x86.ActiveCfg = Release|Any CPU
		{2A3AAF08-E77F-4337-BA73-3E67E0E166F5}.Test|x86.Build.0 = Release|Any CPU
		{7115D633-46AD-4DD4-994D-D9ECFF43E88E}.Debug|Any CPU.ActiveCfg = Debug|Any CPU
		{7115D633-46AD-4DD4-994D-D9ECFF43E88E}.Debug|Any CPU.Build.0 = Debug|Any CPU
		{7115D633-46AD-4DD4-994D-D9ECFF43E88E}.Debug|x86.ActiveCfg = Debug|Any CPU
		{7115D633-46AD-4DD4-994D-D9ECFF43E88E}.Debug|x86.Build.0 = Debug|Any CPU
		{7115D633-46AD-4DD4-994D-D9ECFF43E88E}.debug-net40|Any CPU.ActiveCfg = Debug|Any CPU
		{7115D633-46AD-4DD4-994D-D9ECFF43E88E}.debug-net40|Any CPU.Build.0 = Debug|Any CPU
		{7115D633-46AD-4DD4-994D-D9ECFF43E88E}.debug-net40|x86.ActiveCfg = Debug|Any CPU
		{7115D633-46AD-4DD4-994D-D9ECFF43E88E}.debug-net40|x86.Build.0 = Debug|Any CPU
		{7115D633-46AD-4DD4-994D-D9ECFF43E88E}.debug-net45|Any CPU.ActiveCfg = Debug|Any CPU
		{7115D633-46AD-4DD4-994D-D9ECFF43E88E}.debug-net45|Any CPU.Build.0 = Debug|Any CPU
		{7115D633-46AD-4DD4-994D-D9ECFF43E88E}.debug-net45|x86.ActiveCfg = Debug|Any CPU
		{7115D633-46AD-4DD4-994D-D9ECFF43E88E}.debug-net45|x86.Build.0 = Debug|Any CPU
		{7115D633-46AD-4DD4-994D-D9ECFF43E88E}.Release|Any CPU.ActiveCfg = Release|Any CPU
		{7115D633-46AD-4DD4-994D-D9ECFF43E88E}.Release|Any CPU.Build.0 = Release|Any CPU
		{7115D633-46AD-4DD4-994D-D9ECFF43E88E}.Release|x86.ActiveCfg = Release|Any CPU
		{7115D633-46AD-4DD4-994D-D9ECFF43E88E}.Release|x86.Build.0 = Release|Any CPU
		{7115D633-46AD-4DD4-994D-D9ECFF43E88E}.release-net40|Any CPU.ActiveCfg = Release|Any CPU
		{7115D633-46AD-4DD4-994D-D9ECFF43E88E}.release-net40|Any CPU.Build.0 = Release|Any CPU
		{7115D633-46AD-4DD4-994D-D9ECFF43E88E}.release-net40|x86.ActiveCfg = Release|Any CPU
		{7115D633-46AD-4DD4-994D-D9ECFF43E88E}.release-net40|x86.Build.0 = Release|Any CPU
		{7115D633-46AD-4DD4-994D-D9ECFF43E88E}.release-net45|Any CPU.ActiveCfg = Release|Any CPU
		{7115D633-46AD-4DD4-994D-D9ECFF43E88E}.release-net45|Any CPU.Build.0 = Release|Any CPU
		{7115D633-46AD-4DD4-994D-D9ECFF43E88E}.release-net45|x86.ActiveCfg = Release|Any CPU
		{7115D633-46AD-4DD4-994D-D9ECFF43E88E}.release-net45|x86.Build.0 = Release|Any CPU
		{7115D633-46AD-4DD4-994D-D9ECFF43E88E}.Relise|Any CPU.ActiveCfg = Release|Any CPU
		{7115D633-46AD-4DD4-994D-D9ECFF43E88E}.Relise|Any CPU.Build.0 = Release|Any CPU
		{7115D633-46AD-4DD4-994D-D9ECFF43E88E}.Relise|x86.ActiveCfg = Release|Any CPU
		{7115D633-46AD-4DD4-994D-D9ECFF43E88E}.Relise|x86.Build.0 = Release|Any CPU
		{7115D633-46AD-4DD4-994D-D9ECFF43E88E}.Test|Any CPU.ActiveCfg = Release|Any CPU
		{7115D633-46AD-4DD4-994D-D9ECFF43E88E}.Test|Any CPU.Build.0 = Release|Any CPU
		{7115D633-46AD-4DD4-994D-D9ECFF43E88E}.Test|x86.ActiveCfg = Release|Any CPU
		{7115D633-46AD-4DD4-994D-D9ECFF43E88E}.Test|x86.Build.0 = Release|Any CPU
		{889D775F-A54D-4DDE-8FA0-E61D02B44A0C}.Debug|Any CPU.ActiveCfg = Debug|Any CPU
		{889D775F-A54D-4DDE-8FA0-E61D02B44A0C}.Debug|Any CPU.Build.0 = Debug|Any CPU
		{889D775F-A54D-4DDE-8FA0-E61D02B44A0C}.Debug|x86.ActiveCfg = Debug|Any CPU
		{889D775F-A54D-4DDE-8FA0-E61D02B44A0C}.Debug|x86.Build.0 = Debug|Any CPU
		{889D775F-A54D-4DDE-8FA0-E61D02B44A0C}.debug-net40|Any CPU.ActiveCfg = Debug|Any CPU
		{889D775F-A54D-4DDE-8FA0-E61D02B44A0C}.debug-net40|Any CPU.Build.0 = Debug|Any CPU
		{889D775F-A54D-4DDE-8FA0-E61D02B44A0C}.debug-net40|x86.ActiveCfg = Debug|Any CPU
		{889D775F-A54D-4DDE-8FA0-E61D02B44A0C}.debug-net40|x86.Build.0 = Debug|Any CPU
		{889D775F-A54D-4DDE-8FA0-E61D02B44A0C}.debug-net45|Any CPU.ActiveCfg = Debug|Any CPU
		{889D775F-A54D-4DDE-8FA0-E61D02B44A0C}.debug-net45|Any CPU.Build.0 = Debug|Any CPU
		{889D775F-A54D-4DDE-8FA0-E61D02B44A0C}.debug-net45|x86.ActiveCfg = Debug|Any CPU
		{889D775F-A54D-4DDE-8FA0-E61D02B44A0C}.debug-net45|x86.Build.0 = Debug|Any CPU
		{889D775F-A54D-4DDE-8FA0-E61D02B44A0C}.Release|Any CPU.ActiveCfg = Release|Any CPU
		{889D775F-A54D-4DDE-8FA0-E61D02B44A0C}.Release|Any CPU.Build.0 = Release|Any CPU
		{889D775F-A54D-4DDE-8FA0-E61D02B44A0C}.Release|x86.ActiveCfg = Release|Any CPU
		{889D775F-A54D-4DDE-8FA0-E61D02B44A0C}.Release|x86.Build.0 = Release|Any CPU
		{889D775F-A54D-4DDE-8FA0-E61D02B44A0C}.release-net40|Any CPU.ActiveCfg = Release|Any CPU
		{889D775F-A54D-4DDE-8FA0-E61D02B44A0C}.release-net40|Any CPU.Build.0 = Release|Any CPU
		{889D775F-A54D-4DDE-8FA0-E61D02B44A0C}.release-net40|x86.ActiveCfg = Release|Any CPU
		{889D775F-A54D-4DDE-8FA0-E61D02B44A0C}.release-net40|x86.Build.0 = Release|Any CPU
		{889D775F-A54D-4DDE-8FA0-E61D02B44A0C}.release-net45|Any CPU.ActiveCfg = Release|Any CPU
		{889D775F-A54D-4DDE-8FA0-E61D02B44A0C}.release-net45|Any CPU.Build.0 = Release|Any CPU
		{889D775F-A54D-4DDE-8FA0-E61D02B44A0C}.release-net45|x86.ActiveCfg = Release|Any CPU
		{889D775F-A54D-4DDE-8FA0-E61D02B44A0C}.release-net45|x86.Build.0 = Release|Any CPU
		{889D775F-A54D-4DDE-8FA0-E61D02B44A0C}.Relise|Any CPU.ActiveCfg = Release|Any CPU
		{889D775F-A54D-4DDE-8FA0-E61D02B44A0C}.Relise|Any CPU.Build.0 = Release|Any CPU
		{889D775F-A54D-4DDE-8FA0-E61D02B44A0C}.Relise|x86.ActiveCfg = Release|Any CPU
		{889D775F-A54D-4DDE-8FA0-E61D02B44A0C}.Relise|x86.Build.0 = Release|Any CPU
		{889D775F-A54D-4DDE-8FA0-E61D02B44A0C}.Test|Any CPU.ActiveCfg = Release|Any CPU
		{889D775F-A54D-4DDE-8FA0-E61D02B44A0C}.Test|Any CPU.Build.0 = Release|Any CPU
		{889D775F-A54D-4DDE-8FA0-E61D02B44A0C}.Test|x86.ActiveCfg = Release|Any CPU
		{889D775F-A54D-4DDE-8FA0-E61D02B44A0C}.Test|x86.Build.0 = Release|Any CPU
		{01558158-99B8-4F25-98E7-B2EDEADB987A}.Debug|Any CPU.ActiveCfg = Debug|Any CPU
		{01558158-99B8-4F25-98E7-B2EDEADB987A}.Debug|Any CPU.Build.0 = Debug|Any CPU
		{01558158-99B8-4F25-98E7-B2EDEADB987A}.Debug|x86.ActiveCfg = Debug|Any CPU
		{01558158-99B8-4F25-98E7-B2EDEADB987A}.Debug|x86.Build.0 = Debug|Any CPU
		{01558158-99B8-4F25-98E7-B2EDEADB987A}.debug-net40|Any CPU.ActiveCfg = Debug|Any CPU
		{01558158-99B8-4F25-98E7-B2EDEADB987A}.debug-net40|Any CPU.Build.0 = Debug|Any CPU
		{01558158-99B8-4F25-98E7-B2EDEADB987A}.debug-net40|x86.ActiveCfg = Debug|Any CPU
		{01558158-99B8-4F25-98E7-B2EDEADB987A}.debug-net40|x86.Build.0 = Debug|Any CPU
		{01558158-99B8-4F25-98E7-B2EDEADB987A}.debug-net45|Any CPU.ActiveCfg = Debug|Any CPU
		{01558158-99B8-4F25-98E7-B2EDEADB987A}.debug-net45|Any CPU.Build.0 = Debug|Any CPU
		{01558158-99B8-4F25-98E7-B2EDEADB987A}.debug-net45|x86.ActiveCfg = Debug|Any CPU
		{01558158-99B8-4F25-98E7-B2EDEADB987A}.debug-net45|x86.Build.0 = Debug|Any CPU
		{01558158-99B8-4F25-98E7-B2EDEADB987A}.Release|Any CPU.ActiveCfg = Release|Any CPU
		{01558158-99B8-4F25-98E7-B2EDEADB987A}.Release|Any CPU.Build.0 = Release|Any CPU
		{01558158-99B8-4F25-98E7-B2EDEADB987A}.Release|x86.ActiveCfg = Release|Any CPU
		{01558158-99B8-4F25-98E7-B2EDEADB987A}.Release|x86.Build.0 = Release|Any CPU
		{01558158-99B8-4F25-98E7-B2EDEADB987A}.release-net40|Any CPU.ActiveCfg = Release|Any CPU
		{01558158-99B8-4F25-98E7-B2EDEADB987A}.release-net40|Any CPU.Build.0 = Release|Any CPU
		{01558158-99B8-4F25-98E7-B2EDEADB987A}.release-net40|x86.ActiveCfg = Release|Any CPU
		{01558158-99B8-4F25-98E7-B2EDEADB987A}.release-net40|x86.Build.0 = Release|Any CPU
		{01558158-99B8-4F25-98E7-B2EDEADB987A}.release-net45|Any CPU.ActiveCfg = Release|Any CPU
		{01558158-99B8-4F25-98E7-B2EDEADB987A}.release-net45|Any CPU.Build.0 = Release|Any CPU
		{01558158-99B8-4F25-98E7-B2EDEADB987A}.release-net45|x86.ActiveCfg = Release|Any CPU
		{01558158-99B8-4F25-98E7-B2EDEADB987A}.release-net45|x86.Build.0 = Release|Any CPU
		{01558158-99B8-4F25-98E7-B2EDEADB987A}.Relise|Any CPU.ActiveCfg = Release|Any CPU
		{01558158-99B8-4F25-98E7-B2EDEADB987A}.Relise|Any CPU.Build.0 = Release|Any CPU
		{01558158-99B8-4F25-98E7-B2EDEADB987A}.Relise|x86.ActiveCfg = Release|Any CPU
		{01558158-99B8-4F25-98E7-B2EDEADB987A}.Relise|x86.Build.0 = Release|Any CPU
		{01558158-99B8-4F25-98E7-B2EDEADB987A}.Test|Any CPU.ActiveCfg = Release|Any CPU
		{01558158-99B8-4F25-98E7-B2EDEADB987A}.Test|Any CPU.Build.0 = Release|Any CPU
		{01558158-99B8-4F25-98E7-B2EDEADB987A}.Test|x86.ActiveCfg = Release|Any CPU
		{01558158-99B8-4F25-98E7-B2EDEADB987A}.Test|x86.Build.0 = Release|Any CPU
		{8BD1AC2A-40C6-4528-9E59-396708707477}.Debug|Any CPU.ActiveCfg = Debug|Any CPU
		{8BD1AC2A-40C6-4528-9E59-396708707477}.Debug|Any CPU.Build.0 = Debug|Any CPU
		{8BD1AC2A-40C6-4528-9E59-396708707477}.Debug|x86.ActiveCfg = Debug|Any CPU
		{8BD1AC2A-40C6-4528-9E59-396708707477}.Debug|x86.Build.0 = Debug|Any CPU
		{8BD1AC2A-40C6-4528-9E59-396708707477}.debug-net40|Any CPU.ActiveCfg = Debug|Any CPU
		{8BD1AC2A-40C6-4528-9E59-396708707477}.debug-net40|Any CPU.Build.0 = Debug|Any CPU
		{8BD1AC2A-40C6-4528-9E59-396708707477}.debug-net40|x86.ActiveCfg = Debug|Any CPU
		{8BD1AC2A-40C6-4528-9E59-396708707477}.debug-net40|x86.Build.0 = Debug|Any CPU
		{8BD1AC2A-40C6-4528-9E59-396708707477}.debug-net45|Any CPU.ActiveCfg = Debug|Any CPU
		{8BD1AC2A-40C6-4528-9E59-396708707477}.debug-net45|Any CPU.Build.0 = Debug|Any CPU
		{8BD1AC2A-40C6-4528-9E59-396708707477}.debug-net45|x86.ActiveCfg = Debug|Any CPU
		{8BD1AC2A-40C6-4528-9E59-396708707477}.debug-net45|x86.Build.0 = Debug|Any CPU
		{8BD1AC2A-40C6-4528-9E59-396708707477}.Release|Any CPU.ActiveCfg = Release|Any CPU
		{8BD1AC2A-40C6-4528-9E59-396708707477}.Release|Any CPU.Build.0 = Release|Any CPU
		{8BD1AC2A-40C6-4528-9E59-396708707477}.Release|x86.ActiveCfg = Release|Any CPU
		{8BD1AC2A-40C6-4528-9E59-396708707477}.Release|x86.Build.0 = Release|Any CPU
		{8BD1AC2A-40C6-4528-9E59-396708707477}.release-net40|Any CPU.ActiveCfg = Release|Any CPU
		{8BD1AC2A-40C6-4528-9E59-396708707477}.release-net40|Any CPU.Build.0 = Release|Any CPU
		{8BD1AC2A-40C6-4528-9E59-396708707477}.release-net40|x86.ActiveCfg = Release|Any CPU
		{8BD1AC2A-40C6-4528-9E59-396708707477}.release-net40|x86.Build.0 = Release|Any CPU
		{8BD1AC2A-40C6-4528-9E59-396708707477}.release-net45|Any CPU.ActiveCfg = Release|Any CPU
		{8BD1AC2A-40C6-4528-9E59-396708707477}.release-net45|Any CPU.Build.0 = Release|Any CPU
		{8BD1AC2A-40C6-4528-9E59-396708707477}.release-net45|x86.ActiveCfg = Release|Any CPU
		{8BD1AC2A-40C6-4528-9E59-396708707477}.release-net45|x86.Build.0 = Release|Any CPU
		{8BD1AC2A-40C6-4528-9E59-396708707477}.Relise|Any CPU.ActiveCfg = Release|Any CPU
		{8BD1AC2A-40C6-4528-9E59-396708707477}.Relise|Any CPU.Build.0 = Release|Any CPU
		{8BD1AC2A-40C6-4528-9E59-396708707477}.Relise|x86.ActiveCfg = Release|Any CPU
		{8BD1AC2A-40C6-4528-9E59-396708707477}.Relise|x86.Build.0 = Release|Any CPU
		{8BD1AC2A-40C6-4528-9E59-396708707477}.Test|Any CPU.ActiveCfg = Release|Any CPU
		{8BD1AC2A-40C6-4528-9E59-396708707477}.Test|Any CPU.Build.0 = Release|Any CPU
		{8BD1AC2A-40C6-4528-9E59-396708707477}.Test|x86.ActiveCfg = Release|Any CPU
		{8BD1AC2A-40C6-4528-9E59-396708707477}.Test|x86.Build.0 = Release|Any CPU
		{A215E837-1208-49E3-AF93-A9612223122C}.Debug|Any CPU.ActiveCfg = Debug|Any CPU
		{A215E837-1208-49E3-AF93-A9612223122C}.Debug|Any CPU.Build.0 = Debug|Any CPU
		{A215E837-1208-49E3-AF93-A9612223122C}.Debug|x86.ActiveCfg = Debug|Any CPU
		{A215E837-1208-49E3-AF93-A9612223122C}.Debug|x86.Build.0 = Debug|Any CPU
		{A215E837-1208-49E3-AF93-A9612223122C}.debug-net40|Any CPU.ActiveCfg = debug-net40|Any CPU
		{A215E837-1208-49E3-AF93-A9612223122C}.debug-net40|Any CPU.Build.0 = debug-net40|Any CPU
		{A215E837-1208-49E3-AF93-A9612223122C}.debug-net40|x86.ActiveCfg = debug-net40|Any CPU
		{A215E837-1208-49E3-AF93-A9612223122C}.debug-net40|x86.Build.0 = debug-net40|Any CPU
		{A215E837-1208-49E3-AF93-A9612223122C}.debug-net45|Any CPU.ActiveCfg = debug-net45|Any CPU
		{A215E837-1208-49E3-AF93-A9612223122C}.debug-net45|Any CPU.Build.0 = debug-net45|Any CPU
		{A215E837-1208-49E3-AF93-A9612223122C}.debug-net45|x86.ActiveCfg = debug-net45|Any CPU
		{A215E837-1208-49E3-AF93-A9612223122C}.debug-net45|x86.Build.0 = debug-net45|Any CPU
		{A215E837-1208-49E3-AF93-A9612223122C}.Release|Any CPU.ActiveCfg = Release|Any CPU
		{A215E837-1208-49E3-AF93-A9612223122C}.Release|Any CPU.Build.0 = Release|Any CPU
		{A215E837-1208-49E3-AF93-A9612223122C}.Release|x86.ActiveCfg = Release|Any CPU
		{A215E837-1208-49E3-AF93-A9612223122C}.Release|x86.Build.0 = Release|Any CPU
		{A215E837-1208-49E3-AF93-A9612223122C}.release-net40|Any CPU.ActiveCfg = release-net40|Any CPU
		{A215E837-1208-49E3-AF93-A9612223122C}.release-net40|Any CPU.Build.0 = release-net40|Any CPU
		{A215E837-1208-49E3-AF93-A9612223122C}.release-net40|x86.ActiveCfg = release-net40|Any CPU
		{A215E837-1208-49E3-AF93-A9612223122C}.release-net40|x86.Build.0 = release-net40|Any CPU
		{A215E837-1208-49E3-AF93-A9612223122C}.release-net45|Any CPU.ActiveCfg = release-net45|Any CPU
		{A215E837-1208-49E3-AF93-A9612223122C}.release-net45|Any CPU.Build.0 = release-net45|Any CPU
		{A215E837-1208-49E3-AF93-A9612223122C}.release-net45|x86.ActiveCfg = release-net45|Any CPU
		{A215E837-1208-49E3-AF93-A9612223122C}.release-net45|x86.Build.0 = release-net45|Any CPU
		{A215E837-1208-49E3-AF93-A9612223122C}.Relise|Any CPU.ActiveCfg = release-net40|Any CPU
		{A215E837-1208-49E3-AF93-A9612223122C}.Relise|Any CPU.Build.0 = release-net40|Any CPU
		{A215E837-1208-49E3-AF93-A9612223122C}.Relise|x86.ActiveCfg = release-net40|Any CPU
		{A215E837-1208-49E3-AF93-A9612223122C}.Relise|x86.Build.0 = release-net40|Any CPU
		{A215E837-1208-49E3-AF93-A9612223122C}.Test|Any CPU.ActiveCfg = release-net40|Any CPU
		{A215E837-1208-49E3-AF93-A9612223122C}.Test|Any CPU.Build.0 = release-net40|Any CPU
		{A215E837-1208-49E3-AF93-A9612223122C}.Test|x86.ActiveCfg = release-net40|Any CPU
		{A215E837-1208-49E3-AF93-A9612223122C}.Test|x86.Build.0 = release-net40|Any CPU
		{72AFCFE8-C9E9-45FA-9698-BEE896A517A3}.Debug|Any CPU.ActiveCfg = Debug|Any CPU
		{72AFCFE8-C9E9-45FA-9698-BEE896A517A3}.Debug|Any CPU.Build.0 = Debug|Any CPU
		{72AFCFE8-C9E9-45FA-9698-BEE896A517A3}.Debug|x86.ActiveCfg = Debug|Any CPU
		{72AFCFE8-C9E9-45FA-9698-BEE896A517A3}.Debug|x86.Build.0 = Debug|Any CPU
		{72AFCFE8-C9E9-45FA-9698-BEE896A517A3}.debug-net40|Any CPU.ActiveCfg = debug-net40|Any CPU
		{72AFCFE8-C9E9-45FA-9698-BEE896A517A3}.debug-net40|Any CPU.Build.0 = debug-net40|Any CPU
		{72AFCFE8-C9E9-45FA-9698-BEE896A517A3}.debug-net40|x86.ActiveCfg = debug-net40|Any CPU
		{72AFCFE8-C9E9-45FA-9698-BEE896A517A3}.debug-net40|x86.Build.0 = debug-net40|Any CPU
		{72AFCFE8-C9E9-45FA-9698-BEE896A517A3}.debug-net45|Any CPU.ActiveCfg = debug-net45|Any CPU
		{72AFCFE8-C9E9-45FA-9698-BEE896A517A3}.debug-net45|Any CPU.Build.0 = debug-net45|Any CPU
		{72AFCFE8-C9E9-45FA-9698-BEE896A517A3}.debug-net45|x86.ActiveCfg = debug-net45|Any CPU
		{72AFCFE8-C9E9-45FA-9698-BEE896A517A3}.debug-net45|x86.Build.0 = debug-net45|Any CPU
		{72AFCFE8-C9E9-45FA-9698-BEE896A517A3}.Release|Any CPU.ActiveCfg = Release|Any CPU
		{72AFCFE8-C9E9-45FA-9698-BEE896A517A3}.Release|Any CPU.Build.0 = Release|Any CPU
		{72AFCFE8-C9E9-45FA-9698-BEE896A517A3}.Release|x86.ActiveCfg = Release|Any CPU
		{72AFCFE8-C9E9-45FA-9698-BEE896A517A3}.Release|x86.Build.0 = Release|Any CPU
		{72AFCFE8-C9E9-45FA-9698-BEE896A517A3}.release-net40|Any CPU.ActiveCfg = release-net40|Any CPU
		{72AFCFE8-C9E9-45FA-9698-BEE896A517A3}.release-net40|Any CPU.Build.0 = release-net40|Any CPU
		{72AFCFE8-C9E9-45FA-9698-BEE896A517A3}.release-net40|x86.ActiveCfg = release-net40|Any CPU
		{72AFCFE8-C9E9-45FA-9698-BEE896A517A3}.release-net40|x86.Build.0 = release-net40|Any CPU
		{72AFCFE8-C9E9-45FA-9698-BEE896A517A3}.release-net45|Any CPU.ActiveCfg = release-net45|Any CPU
		{72AFCFE8-C9E9-45FA-9698-BEE896A517A3}.release-net45|Any CPU.Build.0 = release-net45|Any CPU
		{72AFCFE8-C9E9-45FA-9698-BEE896A517A3}.release-net45|x86.ActiveCfg = release-net45|Any CPU
		{72AFCFE8-C9E9-45FA-9698-BEE896A517A3}.release-net45|x86.Build.0 = release-net45|Any CPU
		{72AFCFE8-C9E9-45FA-9698-BEE896A517A3}.Relise|Any CPU.ActiveCfg = release-net40|Any CPU
		{72AFCFE8-C9E9-45FA-9698-BEE896A517A3}.Relise|Any CPU.Build.0 = release-net40|Any CPU
		{72AFCFE8-C9E9-45FA-9698-BEE896A517A3}.Relise|x86.ActiveCfg = release-net40|Any CPU
		{72AFCFE8-C9E9-45FA-9698-BEE896A517A3}.Relise|x86.Build.0 = release-net40|Any CPU
		{72AFCFE8-C9E9-45FA-9698-BEE896A517A3}.Test|Any CPU.ActiveCfg = release-net40|Any CPU
		{72AFCFE8-C9E9-45FA-9698-BEE896A517A3}.Test|Any CPU.Build.0 = release-net40|Any CPU
		{72AFCFE8-C9E9-45FA-9698-BEE896A517A3}.Test|x86.ActiveCfg = release-net40|Any CPU
		{72AFCFE8-C9E9-45FA-9698-BEE896A517A3}.Test|x86.Build.0 = release-net40|Any CPU
		{24B7FE1E-74F7-4C6E-8819-72F0147B13D6}.Debug|Any CPU.ActiveCfg = Debug|Any CPU
		{24B7FE1E-74F7-4C6E-8819-72F0147B13D6}.Debug|Any CPU.Build.0 = Debug|Any CPU
		{24B7FE1E-74F7-4C6E-8819-72F0147B13D6}.Debug|x86.ActiveCfg = Debug|Any CPU
		{24B7FE1E-74F7-4C6E-8819-72F0147B13D6}.Debug|x86.Build.0 = Debug|Any CPU
		{24B7FE1E-74F7-4C6E-8819-72F0147B13D6}.debug-net40|Any CPU.ActiveCfg = Debug|Any CPU
		{24B7FE1E-74F7-4C6E-8819-72F0147B13D6}.debug-net40|Any CPU.Build.0 = Debug|Any CPU
		{24B7FE1E-74F7-4C6E-8819-72F0147B13D6}.debug-net40|x86.ActiveCfg = Debug|Any CPU
		{24B7FE1E-74F7-4C6E-8819-72F0147B13D6}.debug-net40|x86.Build.0 = Debug|Any CPU
		{24B7FE1E-74F7-4C6E-8819-72F0147B13D6}.debug-net45|Any CPU.ActiveCfg = Debug|Any CPU
		{24B7FE1E-74F7-4C6E-8819-72F0147B13D6}.debug-net45|Any CPU.Build.0 = Debug|Any CPU
		{24B7FE1E-74F7-4C6E-8819-72F0147B13D6}.debug-net45|x86.ActiveCfg = Debug|Any CPU
		{24B7FE1E-74F7-4C6E-8819-72F0147B13D6}.debug-net45|x86.Build.0 = Debug|Any CPU
		{24B7FE1E-74F7-4C6E-8819-72F0147B13D6}.Release|Any CPU.ActiveCfg = Release|Any CPU
		{24B7FE1E-74F7-4C6E-8819-72F0147B13D6}.Release|Any CPU.Build.0 = Release|Any CPU
		{24B7FE1E-74F7-4C6E-8819-72F0147B13D6}.Release|x86.ActiveCfg = Release|Any CPU
		{24B7FE1E-74F7-4C6E-8819-72F0147B13D6}.Release|x86.Build.0 = Release|Any CPU
		{24B7FE1E-74F7-4C6E-8819-72F0147B13D6}.release-net40|Any CPU.ActiveCfg = Release|Any CPU
		{24B7FE1E-74F7-4C6E-8819-72F0147B13D6}.release-net40|Any CPU.Build.0 = Release|Any CPU
		{24B7FE1E-74F7-4C6E-8819-72F0147B13D6}.release-net40|x86.ActiveCfg = Release|Any CPU
		{24B7FE1E-74F7-4C6E-8819-72F0147B13D6}.release-net40|x86.Build.0 = Release|Any CPU
		{24B7FE1E-74F7-4C6E-8819-72F0147B13D6}.release-net45|Any CPU.ActiveCfg = Release|Any CPU
		{24B7FE1E-74F7-4C6E-8819-72F0147B13D6}.release-net45|Any CPU.Build.0 = Release|Any CPU
		{24B7FE1E-74F7-4C6E-8819-72F0147B13D6}.release-net45|x86.ActiveCfg = Release|Any CPU
		{24B7FE1E-74F7-4C6E-8819-72F0147B13D6}.release-net45|x86.Build.0 = Release|Any CPU
		{24B7FE1E-74F7-4C6E-8819-72F0147B13D6}.Relise|Any CPU.ActiveCfg = Release|Any CPU
		{24B7FE1E-74F7-4C6E-8819-72F0147B13D6}.Relise|Any CPU.Build.0 = Release|Any CPU
		{24B7FE1E-74F7-4C6E-8819-72F0147B13D6}.Relise|x86.ActiveCfg = Release|Any CPU
		{24B7FE1E-74F7-4C6E-8819-72F0147B13D6}.Relise|x86.Build.0 = Release|Any CPU
		{24B7FE1E-74F7-4C6E-8819-72F0147B13D6}.Test|Any CPU.ActiveCfg = Release|Any CPU
		{24B7FE1E-74F7-4C6E-8819-72F0147B13D6}.Test|Any CPU.Build.0 = Release|Any CPU
		{24B7FE1E-74F7-4C6E-8819-72F0147B13D6}.Test|x86.ActiveCfg = Release|Any CPU
		{24B7FE1E-74F7-4C6E-8819-72F0147B13D6}.Test|x86.Build.0 = Release|Any CPU
		{E37375CE-ADBA-47C9-9FA1-D7C5C704CD89}.Debug|Any CPU.ActiveCfg = Debug|Any CPU
		{E37375CE-ADBA-47C9-9FA1-D7C5C704CD89}.Debug|Any CPU.Build.0 = Debug|Any CPU
		{E37375CE-ADBA-47C9-9FA1-D7C5C704CD89}.Debug|x86.ActiveCfg = Debug|Any CPU
		{E37375CE-ADBA-47C9-9FA1-D7C5C704CD89}.Debug|x86.Build.0 = Debug|Any CPU
		{E37375CE-ADBA-47C9-9FA1-D7C5C704CD89}.debug-net40|Any CPU.ActiveCfg = debug-net45|Any CPU
		{E37375CE-ADBA-47C9-9FA1-D7C5C704CD89}.debug-net40|Any CPU.Build.0 = debug-net45|Any CPU
		{E37375CE-ADBA-47C9-9FA1-D7C5C704CD89}.debug-net40|x86.ActiveCfg = debug-net45|Any CPU
		{E37375CE-ADBA-47C9-9FA1-D7C5C704CD89}.debug-net40|x86.Build.0 = debug-net45|Any CPU
		{E37375CE-ADBA-47C9-9FA1-D7C5C704CD89}.debug-net45|Any CPU.ActiveCfg = debug-net45|Any CPU
		{E37375CE-ADBA-47C9-9FA1-D7C5C704CD89}.debug-net45|Any CPU.Build.0 = debug-net45|Any CPU
		{E37375CE-ADBA-47C9-9FA1-D7C5C704CD89}.debug-net45|x86.ActiveCfg = debug-net45|Any CPU
		{E37375CE-ADBA-47C9-9FA1-D7C5C704CD89}.debug-net45|x86.Build.0 = debug-net45|Any CPU
		{E37375CE-ADBA-47C9-9FA1-D7C5C704CD89}.Release|Any CPU.ActiveCfg = Release|Any CPU
		{E37375CE-ADBA-47C9-9FA1-D7C5C704CD89}.Release|Any CPU.Build.0 = Release|Any CPU
		{E37375CE-ADBA-47C9-9FA1-D7C5C704CD89}.Release|x86.ActiveCfg = Release|Any CPU
		{E37375CE-ADBA-47C9-9FA1-D7C5C704CD89}.Release|x86.Build.0 = Release|Any CPU
		{E37375CE-ADBA-47C9-9FA1-D7C5C704CD89}.release-net40|Any CPU.ActiveCfg = release-net45|Any CPU
		{E37375CE-ADBA-47C9-9FA1-D7C5C704CD89}.release-net40|Any CPU.Build.0 = release-net45|Any CPU
		{E37375CE-ADBA-47C9-9FA1-D7C5C704CD89}.release-net40|x86.ActiveCfg = release-net45|Any CPU
		{E37375CE-ADBA-47C9-9FA1-D7C5C704CD89}.release-net40|x86.Build.0 = release-net45|Any CPU
		{E37375CE-ADBA-47C9-9FA1-D7C5C704CD89}.release-net45|Any CPU.ActiveCfg = release-net45|Any CPU
		{E37375CE-ADBA-47C9-9FA1-D7C5C704CD89}.release-net45|Any CPU.Build.0 = release-net45|Any CPU
		{E37375CE-ADBA-47C9-9FA1-D7C5C704CD89}.release-net45|x86.ActiveCfg = release-net45|Any CPU
		{E37375CE-ADBA-47C9-9FA1-D7C5C704CD89}.release-net45|x86.Build.0 = release-net45|Any CPU
		{E37375CE-ADBA-47C9-9FA1-D7C5C704CD89}.Relise|Any CPU.ActiveCfg = release-net45|Any CPU
		{E37375CE-ADBA-47C9-9FA1-D7C5C704CD89}.Relise|Any CPU.Build.0 = release-net45|Any CPU
		{E37375CE-ADBA-47C9-9FA1-D7C5C704CD89}.Relise|x86.ActiveCfg = release-net45|Any CPU
		{E37375CE-ADBA-47C9-9FA1-D7C5C704CD89}.Relise|x86.Build.0 = release-net45|Any CPU
		{E37375CE-ADBA-47C9-9FA1-D7C5C704CD89}.Test|Any CPU.ActiveCfg = release-net45|Any CPU
		{E37375CE-ADBA-47C9-9FA1-D7C5C704CD89}.Test|Any CPU.Build.0 = release-net45|Any CPU
		{E37375CE-ADBA-47C9-9FA1-D7C5C704CD89}.Test|x86.ActiveCfg = release-net45|Any CPU
		{E37375CE-ADBA-47C9-9FA1-D7C5C704CD89}.Test|x86.Build.0 = release-net45|Any CPU
		{8BE188CA-A0D9-4609-AB2E-AB8EDF849FE0}.Debug|Any CPU.ActiveCfg = Debug|Any CPU
		{8BE188CA-A0D9-4609-AB2E-AB8EDF849FE0}.Debug|Any CPU.Build.0 = Debug|Any CPU
		{8BE188CA-A0D9-4609-AB2E-AB8EDF849FE0}.Debug|x86.ActiveCfg = Debug|Any CPU
		{8BE188CA-A0D9-4609-AB2E-AB8EDF849FE0}.Debug|x86.Build.0 = Debug|Any CPU
		{8BE188CA-A0D9-4609-AB2E-AB8EDF849FE0}.debug-net40|Any CPU.ActiveCfg = debug-net40|Any CPU
		{8BE188CA-A0D9-4609-AB2E-AB8EDF849FE0}.debug-net40|Any CPU.Build.0 = debug-net40|Any CPU
		{8BE188CA-A0D9-4609-AB2E-AB8EDF849FE0}.debug-net40|x86.ActiveCfg = debug-net40|Any CPU
		{8BE188CA-A0D9-4609-AB2E-AB8EDF849FE0}.debug-net40|x86.Build.0 = debug-net40|Any CPU
		{8BE188CA-A0D9-4609-AB2E-AB8EDF849FE0}.debug-net45|Any CPU.ActiveCfg = debug-net45|Any CPU
		{8BE188CA-A0D9-4609-AB2E-AB8EDF849FE0}.debug-net45|Any CPU.Build.0 = debug-net45|Any CPU
		{8BE188CA-A0D9-4609-AB2E-AB8EDF849FE0}.debug-net45|x86.ActiveCfg = debug-net45|Any CPU
		{8BE188CA-A0D9-4609-AB2E-AB8EDF849FE0}.debug-net45|x86.Build.0 = debug-net45|Any CPU
		{8BE188CA-A0D9-4609-AB2E-AB8EDF849FE0}.Release|Any CPU.ActiveCfg = Release|Any CPU
		{8BE188CA-A0D9-4609-AB2E-AB8EDF849FE0}.Release|Any CPU.Build.0 = Release|Any CPU
		{8BE188CA-A0D9-4609-AB2E-AB8EDF849FE0}.Release|x86.ActiveCfg = Release|Any CPU
		{8BE188CA-A0D9-4609-AB2E-AB8EDF849FE0}.Release|x86.Build.0 = Release|Any CPU
		{8BE188CA-A0D9-4609-AB2E-AB8EDF849FE0}.release-net40|Any CPU.ActiveCfg = release-net40|Any CPU
		{8BE188CA-A0D9-4609-AB2E-AB8EDF849FE0}.release-net40|Any CPU.Build.0 = release-net40|Any CPU
		{8BE188CA-A0D9-4609-AB2E-AB8EDF849FE0}.release-net40|x86.ActiveCfg = release-net40|Any CPU
		{8BE188CA-A0D9-4609-AB2E-AB8EDF849FE0}.release-net40|x86.Build.0 = release-net40|Any CPU
		{8BE188CA-A0D9-4609-AB2E-AB8EDF849FE0}.release-net45|Any CPU.ActiveCfg = release-net45|Any CPU
		{8BE188CA-A0D9-4609-AB2E-AB8EDF849FE0}.release-net45|Any CPU.Build.0 = release-net45|Any CPU
		{8BE188CA-A0D9-4609-AB2E-AB8EDF849FE0}.release-net45|x86.ActiveCfg = release-net45|Any CPU
		{8BE188CA-A0D9-4609-AB2E-AB8EDF849FE0}.release-net45|x86.Build.0 = release-net45|Any CPU
		{8BE188CA-A0D9-4609-AB2E-AB8EDF849FE0}.Relise|Any CPU.ActiveCfg = release-net40|Any CPU
		{8BE188CA-A0D9-4609-AB2E-AB8EDF849FE0}.Relise|Any CPU.Build.0 = release-net40|Any CPU
		{8BE188CA-A0D9-4609-AB2E-AB8EDF849FE0}.Relise|x86.ActiveCfg = release-net40|Any CPU
		{8BE188CA-A0D9-4609-AB2E-AB8EDF849FE0}.Relise|x86.Build.0 = release-net40|Any CPU
		{8BE188CA-A0D9-4609-AB2E-AB8EDF849FE0}.Test|Any CPU.ActiveCfg = release-net40|Any CPU
		{8BE188CA-A0D9-4609-AB2E-AB8EDF849FE0}.Test|Any CPU.Build.0 = release-net40|Any CPU
		{8BE188CA-A0D9-4609-AB2E-AB8EDF849FE0}.Test|x86.ActiveCfg = release-net40|Any CPU
		{8BE188CA-A0D9-4609-AB2E-AB8EDF849FE0}.Test|x86.Build.0 = release-net40|Any CPU
		{8A680813-C83B-497A-85E6-E8F07B7D7650}.Debug|Any CPU.ActiveCfg = Debug|Any CPU
		{8A680813-C83B-497A-85E6-E8F07B7D7650}.Debug|Any CPU.Build.0 = Debug|Any CPU
		{8A680813-C83B-497A-85E6-E8F07B7D7650}.Debug|x86.ActiveCfg = Debug|Any CPU
		{8A680813-C83B-497A-85E6-E8F07B7D7650}.Debug|x86.Build.0 = Debug|Any CPU
		{8A680813-C83B-497A-85E6-E8F07B7D7650}.debug-net40|Any CPU.ActiveCfg = debug-net40|Any CPU
		{8A680813-C83B-497A-85E6-E8F07B7D7650}.debug-net40|Any CPU.Build.0 = debug-net40|Any CPU
		{8A680813-C83B-497A-85E6-E8F07B7D7650}.debug-net40|x86.ActiveCfg = debug-net40|Any CPU
		{8A680813-C83B-497A-85E6-E8F07B7D7650}.debug-net40|x86.Build.0 = debug-net40|Any CPU
		{8A680813-C83B-497A-85E6-E8F07B7D7650}.debug-net45|Any CPU.ActiveCfg = debug-net45|Any CPU
		{8A680813-C83B-497A-85E6-E8F07B7D7650}.debug-net45|Any CPU.Build.0 = debug-net45|Any CPU
		{8A680813-C83B-497A-85E6-E8F07B7D7650}.debug-net45|x86.ActiveCfg = debug-net45|Any CPU
		{8A680813-C83B-497A-85E6-E8F07B7D7650}.debug-net45|x86.Build.0 = debug-net45|Any CPU
		{8A680813-C83B-497A-85E6-E8F07B7D7650}.Release|Any CPU.ActiveCfg = Release|Any CPU
		{8A680813-C83B-497A-85E6-E8F07B7D7650}.Release|Any CPU.Build.0 = Release|Any CPU
		{8A680813-C83B-497A-85E6-E8F07B7D7650}.Release|x86.ActiveCfg = Release|Any CPU
		{8A680813-C83B-497A-85E6-E8F07B7D7650}.Release|x86.Build.0 = Release|Any CPU
		{8A680813-C83B-497A-85E6-E8F07B7D7650}.release-net40|Any CPU.ActiveCfg = release-net40|Any CPU
		{8A680813-C83B-497A-85E6-E8F07B7D7650}.release-net40|Any CPU.Build.0 = release-net40|Any CPU
		{8A680813-C83B-497A-85E6-E8F07B7D7650}.release-net40|x86.ActiveCfg = release-net40|Any CPU
		{8A680813-C83B-497A-85E6-E8F07B7D7650}.release-net40|x86.Build.0 = release-net40|Any CPU
		{8A680813-C83B-497A-85E6-E8F07B7D7650}.release-net45|Any CPU.ActiveCfg = release-net45|Any CPU
		{8A680813-C83B-497A-85E6-E8F07B7D7650}.release-net45|Any CPU.Build.0 = release-net45|Any CPU
		{8A680813-C83B-497A-85E6-E8F07B7D7650}.release-net45|x86.ActiveCfg = release-net45|Any CPU
		{8A680813-C83B-497A-85E6-E8F07B7D7650}.release-net45|x86.Build.0 = release-net45|Any CPU
		{8A680813-C83B-497A-85E6-E8F07B7D7650}.Relise|Any CPU.ActiveCfg = release-net40|Any CPU
		{8A680813-C83B-497A-85E6-E8F07B7D7650}.Relise|Any CPU.Build.0 = release-net40|Any CPU
		{8A680813-C83B-497A-85E6-E8F07B7D7650}.Relise|x86.ActiveCfg = release-net40|Any CPU
		{8A680813-C83B-497A-85E6-E8F07B7D7650}.Relise|x86.Build.0 = release-net40|Any CPU
		{8A680813-C83B-497A-85E6-E8F07B7D7650}.Test|Any CPU.ActiveCfg = release-net40|Any CPU
		{8A680813-C83B-497A-85E6-E8F07B7D7650}.Test|Any CPU.Build.0 = release-net40|Any CPU
		{8A680813-C83B-497A-85E6-E8F07B7D7650}.Test|x86.ActiveCfg = release-net40|Any CPU
		{8A680813-C83B-497A-85E6-E8F07B7D7650}.Test|x86.Build.0 = release-net40|Any CPU
	EndGlobalSection
	GlobalSection(SolutionProperties) = preSolution
		HideSolutionNode = FALSE
	EndGlobalSection
	GlobalSection(NestedProjects) = preSolution
		{2A3AAF08-E77F-4337-BA73-3E67E0E166F5} = {26C7DF5F-2384-44E0-A2EC-3F97A84716D2}
		{7115D633-46AD-4DD4-994D-D9ECFF43E88E} = {91A5AA91-6A23-464B-AE5F-7C45A6A4C849}
		{8BD1AC2A-40C6-4528-9E59-396708707477} = {26C7DF5F-2384-44E0-A2EC-3F97A84716D2}
		{A215E837-1208-49E3-AF93-A9612223122C} = {5F27DA22-1095-4A69-8F01-F818610E7556}
		{72AFCFE8-C9E9-45FA-9698-BEE896A517A3} = {5F27DA22-1095-4A69-8F01-F818610E7556}
		{24B7FE1E-74F7-4C6E-8819-72F0147B13D6} = {91A5AA91-6A23-464B-AE5F-7C45A6A4C849}
		{E37375CE-ADBA-47C9-9FA1-D7C5C704CD89} = {5F27DA22-1095-4A69-8F01-F818610E7556}
		{8BE188CA-A0D9-4609-AB2E-AB8EDF849FE0} = {5F27DA22-1095-4A69-8F01-F818610E7556}
		{8A680813-C83B-497A-85E6-E8F07B7D7650} = {5F27DA22-1095-4A69-8F01-F818610E7556}
	EndGlobalSection
EndGlobal
